# THIS IS AN AUTOGENERATED FILE. DO NOT EDIT THIS FILE DIRECTLY.
# yarn lockfile v1


"@babel/code-frame@^7.0.0":
  version "7.18.6"
  resolved "https://registry.npmjs.org/@babel/code-frame/-/code-frame-7.18.6.tgz"
  dependencies:
    "@babel/highlight" "^7.18.6"

"@babel/code-frame@^7.22.13":
  version "7.22.13"
  resolved "https://registry.yarnpkg.com/@babel/code-frame/-/code-frame-7.22.13.tgz#e3c1c099402598483b7a8c46a721d1038803755e"
  dependencies:
    "@babel/highlight" "^7.22.13"
    chalk "^2.4.2"

"@babel/generator@^7.23.0":
  version "7.23.0"
  resolved "https://registry.yarnpkg.com/@babel/generator/-/generator-7.23.0.tgz#df5c386e2218be505b34837acbcb874d7a983420"
  dependencies:
    "@babel/types" "^7.23.0"
    "@jridgewell/gen-mapping" "^0.3.2"
    "@jridgewell/trace-mapping" "^0.3.17"
    jsesc "^2.5.1"

"@babel/helper-environment-visitor@^7.22.20":
  version "7.22.20"
  resolved "https://registry.yarnpkg.com/@babel/helper-environment-visitor/-/helper-environment-visitor-7.22.20.tgz#96159db61d34a29dba454c959f5ae4a649ba9167"

"@babel/helper-function-name@^7.23.0":
  version "7.23.0"
  resolved "https://registry.yarnpkg.com/@babel/helper-function-name/-/helper-function-name-7.23.0.tgz#1f9a3cdbd5b2698a670c30d2735f9af95ed52759"
  dependencies:
    "@babel/template" "^7.22.15"
    "@babel/types" "^7.23.0"

"@babel/helper-hoist-variables@^7.22.5":
  version "7.22.5"
  resolved "https://registry.yarnpkg.com/@babel/helper-hoist-variables/-/helper-hoist-variables-7.22.5.tgz#c01a007dac05c085914e8fb652b339db50d823bb"
  dependencies:
    "@babel/types" "^7.22.5"

"@babel/helper-split-export-declaration@^7.22.6":
  version "7.22.6"
  resolved "https://registry.yarnpkg.com/@babel/helper-split-export-declaration/-/helper-split-export-declaration-7.22.6.tgz#322c61b7310c0997fe4c323955667f18fcefb91c"
  dependencies:
    "@babel/types" "^7.22.5"

"@babel/helper-string-parser@^7.19.4":
  version "7.19.4"
  resolved "https://registry.npmjs.org/@babel/helper-string-parser/-/helper-string-parser-7.19.4.tgz"

"@babel/helper-string-parser@^7.22.5":
  version "7.22.5"
  resolved "https://registry.yarnpkg.com/@babel/helper-string-parser/-/helper-string-parser-7.22.5.tgz#533f36457a25814cf1df6488523ad547d784a99f"

"@babel/helper-validator-identifier@^7.18.6", "@babel/helper-validator-identifier@^7.19.1":
  version "7.19.1"
  resolved "https://registry.npmjs.org/@babel/helper-validator-identifier/-/helper-validator-identifier-7.19.1.tgz"

"@babel/helper-validator-identifier@^7.22.20":
  version "7.22.20"
  resolved "https://registry.yarnpkg.com/@babel/helper-validator-identifier/-/helper-validator-identifier-7.22.20.tgz#c4ae002c61d2879e724581d96665583dbc1dc0e0"

"@babel/highlight@^7.18.6":
  version "7.18.6"
  resolved "https://registry.npmjs.org/@babel/highlight/-/highlight-7.18.6.tgz"
  dependencies:
    "@babel/helper-validator-identifier" "^7.18.6"
    chalk "^2.0.0"
    js-tokens "^4.0.0"

"@babel/highlight@^7.22.13":
  version "7.22.20"
  resolved "https://registry.yarnpkg.com/@babel/highlight/-/highlight-7.22.20.tgz#4ca92b71d80554b01427815e06f2df965b9c1f54"
  dependencies:
    "@babel/helper-validator-identifier" "^7.22.20"
    chalk "^2.4.2"
    js-tokens "^4.0.0"

"@babel/parser@^7.22.15", "@babel/parser@^7.23.0":
  version "7.23.0"
  resolved "https://registry.yarnpkg.com/@babel/parser/-/parser-7.23.0.tgz#da950e622420bf96ca0d0f2909cdddac3acd8719"

"@babel/parser@^7.7.0":
  version "7.20.3"
  resolved "https://registry.npmjs.org/@babel/parser/-/parser-7.20.3.tgz"

"@babel/template@^7.22.15":
  version "7.22.15"
  resolved "https://registry.yarnpkg.com/@babel/template/-/template-7.22.15.tgz#09576efc3830f0430f4548ef971dde1350ef2f38"
  dependencies:
    "@babel/code-frame" "^7.22.13"
    "@babel/parser" "^7.22.15"
    "@babel/types" "^7.22.15"

"@babel/traverse@^7.7.0":
  version "7.23.2"
  resolved "https://registry.yarnpkg.com/@babel/traverse/-/traverse-7.23.2.tgz#329c7a06735e144a506bdb2cad0268b7f46f4ad8"
  dependencies:
    "@babel/code-frame" "^7.22.13"
    "@babel/generator" "^7.23.0"
    "@babel/helper-environment-visitor" "^7.22.20"
    "@babel/helper-function-name" "^7.23.0"
    "@babel/helper-hoist-variables" "^7.22.5"
    "@babel/helper-split-export-declaration" "^7.22.6"
    "@babel/parser" "^7.23.0"
    "@babel/types" "^7.23.0"
    debug "^4.1.0"
    globals "^11.1.0"

"@babel/types@^7.22.15", "@babel/types@^7.22.5", "@babel/types@^7.23.0":
  version "7.23.0"
  resolved "https://registry.yarnpkg.com/@babel/types/-/types-7.23.0.tgz#8c1f020c9df0e737e4e247c0619f58c68458aaeb"
  dependencies:
    "@babel/helper-string-parser" "^7.22.5"
    "@babel/helper-validator-identifier" "^7.22.20"
    to-fast-properties "^2.0.0"

"@babel/types@^7.7.0":
  version "7.20.2"
  resolved "https://registry.npmjs.org/@babel/types/-/types-7.20.2.tgz"
  dependencies:
    "@babel/helper-string-parser" "^7.19.4"
    "@babel/helper-validator-identifier" "^7.19.1"
    to-fast-properties "^2.0.0"

"@ember-data/rfc395-data@^0.0.4":
  version "0.0.4"
  resolved "https://registry.npmjs.org/@ember-data/rfc395-data/-/rfc395-data-0.0.4.tgz"

"@glimmer/env@0.1.7", "@glimmer/env@^0.1.7":
  version "0.1.7"
  resolved "https://registry.npmjs.org/@glimmer/env/-/env-0.1.7.tgz"

"@glimmer/global-context@0.65.4":
  version "0.65.4"
  resolved "https://registry.npmjs.org/@glimmer/global-context/-/global-context-0.65.4.tgz"
  dependencies:
    "@glimmer/env" "^0.1.7"

"@glimmer/interfaces@0.65.4":
  version "0.65.4"
  resolved "https://registry.npmjs.org/@glimmer/interfaces/-/interfaces-0.65.4.tgz"
  dependencies:
    "@simple-dom/interface" "^1.4.0"

"@glimmer/reference@^0.65.0":
  version "0.65.4"
  resolved "https://registry.npmjs.org/@glimmer/reference/-/reference-0.65.4.tgz"
  dependencies:
    "@glimmer/env" "^0.1.7"
    "@glimmer/global-context" "0.65.4"
    "@glimmer/interfaces" "0.65.4"
    "@glimmer/util" "0.65.4"
    "@glimmer/validator" "0.65.4"

"@glimmer/syntax@^0.65.0":
  version "0.65.4"
  resolved "https://registry.npmjs.org/@glimmer/syntax/-/syntax-0.65.4.tgz"
  dependencies:
    "@glimmer/interfaces" "0.65.4"
    "@glimmer/util" "0.65.4"
    "@handlebars/parser" "^1.1.0"
    simple-html-tokenizer "^0.5.10"

"@glimmer/util@0.65.4":
  version "0.65.4"
  resolved "https://registry.npmjs.org/@glimmer/util/-/util-0.65.4.tgz"
  dependencies:
    "@glimmer/env" "0.1.7"
    "@glimmer/interfaces" "0.65.4"
    "@simple-dom/interface" "^1.4.0"

"@glimmer/validator@0.65.4", "@glimmer/validator@^0.65.0":
  version "0.65.4"
  resolved "https://registry.npmjs.org/@glimmer/validator/-/validator-0.65.4.tgz"
  dependencies:
    "@glimmer/env" "^0.1.7"
    "@glimmer/global-context" "0.65.4"

"@handlebars/parser@^1.1.0":
  version "1.1.0"
  resolved "https://registry.npmjs.org/@handlebars/parser/-/parser-1.1.0.tgz"

"@jridgewell/gen-mapping@^0.3.2":
  version "0.3.2"
  resolved "https://registry.npmjs.org/@jridgewell/gen-mapping/-/gen-mapping-0.3.2.tgz"
  dependencies:
    "@jridgewell/set-array" "^1.0.1"
    "@jridgewell/sourcemap-codec" "^1.4.10"
    "@jridgewell/trace-mapping" "^0.3.9"

"@jridgewell/resolve-uri@3.1.0":
  version "3.1.0"
  resolved "https://registry.npmjs.org/@jridgewell/resolve-uri/-/resolve-uri-3.1.0.tgz"

"@jridgewell/resolve-uri@^3.1.0":
  version "3.1.1"
  resolved "https://registry.yarnpkg.com/@jridgewell/resolve-uri/-/resolve-uri-3.1.1.tgz#c08679063f279615a3326583ba3a90d1d82cc721"

"@jridgewell/set-array@^1.0.1":
  version "1.1.2"
  resolved "https://registry.npmjs.org/@jridgewell/set-array/-/set-array-1.1.2.tgz"

"@jridgewell/sourcemap-codec@1.4.14", "@jridgewell/sourcemap-codec@^1.4.10":
  version "1.4.14"
  resolved "https://registry.npmjs.org/@jridgewell/sourcemap-codec/-/sourcemap-codec-1.4.14.tgz"

"@jridgewell/sourcemap-codec@^1.4.14":
  version "1.4.15"
  resolved "https://registry.yarnpkg.com/@jridgewell/sourcemap-codec/-/sourcemap-codec-1.4.15.tgz#d7c6e6755c78567a951e04ab52ef0fd26de59f32"

"@jridgewell/trace-mapping@^0.3.17":
  version "0.3.20"
  resolved "https://registry.yarnpkg.com/@jridgewell/trace-mapping/-/trace-mapping-0.3.20.tgz#72e45707cf240fa6b081d0366f8265b0cd10197f"
  dependencies:
    "@jridgewell/resolve-uri" "^3.1.0"
    "@jridgewell/sourcemap-codec" "^1.4.14"

"@jridgewell/trace-mapping@^0.3.9":
  version "0.3.17"
  resolved "https://registry.npmjs.org/@jridgewell/trace-mapping/-/trace-mapping-0.3.17.tgz"
  dependencies:
    "@jridgewell/resolve-uri" "3.1.0"
    "@jridgewell/sourcemap-codec" "1.4.14"

"@nodelib/fs.scandir@2.1.5":
  version "2.1.5"
  resolved "https://registry.npmjs.org/@nodelib/fs.scandir/-/fs.scandir-2.1.5.tgz"
  dependencies:
    "@nodelib/fs.stat" "2.0.5"
    run-parallel "^1.1.9"

"@nodelib/fs.stat@2.0.5", "@nodelib/fs.stat@^2.0.2":
  version "2.0.5"
  resolved "https://registry.npmjs.org/@nodelib/fs.stat/-/fs.stat-2.0.5.tgz"

"@nodelib/fs.walk@^1.2.3":
  version "1.2.8"
  resolved "https://registry.npmjs.org/@nodelib/fs.walk/-/fs.walk-1.2.8.tgz"
  dependencies:
    "@nodelib/fs.scandir" "2.1.5"
    fastq "^1.6.0"

"@simple-dom/interface@^1.4.0":
  version "1.4.0"
  resolved "https://registry.npmjs.org/@simple-dom/interface/-/interface-1.4.0.tgz"

acorn-jsx@^5.2.0:
  version "5.3.2"
  resolved "https://registry.npmjs.org/acorn-jsx/-/acorn-jsx-5.3.2.tgz"

acorn@^7.1.1:
  version "7.4.1"
  resolved "https://registry.npmjs.org/acorn/-/acorn-7.4.1.tgz"

ajv@^6.10.0, ajv@^6.10.2:
  version "6.12.6"
  resolved "https://registry.npmjs.org/ajv/-/ajv-6.12.6.tgz"
  dependencies:
    fast-deep-equal "^3.1.1"
    fast-json-stable-stringify "^2.0.0"
    json-schema-traverse "^0.4.1"
    uri-js "^4.2.2"

ansi-escapes@^4.2.1:
  version "4.3.2"
  resolved "https://registry.npmjs.org/ansi-escapes/-/ansi-escapes-4.3.2.tgz"
  dependencies:
    type-fest "^0.21.3"

ansi-regex@^4.1.0:
  version "4.1.1"
  resolved "https://registry.npmjs.org/ansi-regex/-/ansi-regex-4.1.1.tgz"

ansi-regex@^5.0.1:
  version "5.0.1"
  resolved "https://registry.npmjs.org/ansi-regex/-/ansi-regex-5.0.1.tgz"

ansi-styles@^3.2.0, ansi-styles@^3.2.1:
  version "3.2.1"
  resolved "https://registry.npmjs.org/ansi-styles/-/ansi-styles-3.2.1.tgz"
  dependencies:
    color-convert "^1.9.0"

ansi-styles@^4.0.0, ansi-styles@^4.1.0:
  version "4.3.0"
  resolved "https://registry.npmjs.org/ansi-styles/-/ansi-styles-4.3.0.tgz"
  dependencies:
    color-convert "^2.0.1"

argparse@^1.0.7:
  version "1.0.10"
  resolved "https://registry.npmjs.org/argparse/-/argparse-1.0.10.tgz"
  dependencies:
    sprintf-js "~1.0.2"

array-union@^2.1.0:
  version "2.1.0"
  resolved "https://registry.npmjs.org/array-union/-/array-union-2.1.0.tgz"

astral-regex@^1.0.0:
  version "1.0.0"
  resolved "https://registry.npmjs.org/astral-regex/-/astral-regex-1.0.0.tgz"

async-promise-queue@^1.0.5:
  version "1.0.5"
  resolved "https://registry.npmjs.org/async-promise-queue/-/async-promise-queue-1.0.5.tgz"
  dependencies:
    async "^2.4.1"
    debug "^2.6.8"

async@^2.4.1:
  version "2.6.4"
  resolved "https://registry.npmjs.org/async/-/async-2.6.4.tgz"
  dependencies:
    lodash "^4.17.14"

babel-eslint@^10.1.0:
  version "10.1.0"
  resolved "https://registry.npmjs.org/babel-eslint/-/babel-eslint-10.1.0.tgz"
  dependencies:
    "@babel/code-frame" "^7.0.0"
    "@babel/parser" "^7.7.0"
    "@babel/traverse" "^7.7.0"
    "@babel/types" "^7.7.0"
    eslint-visitor-keys "^1.0.0"
    resolve "^1.12.0"

balanced-match@^1.0.0:
  version "1.0.2"
  resolved "https://registry.npmjs.org/balanced-match/-/balanced-match-1.0.2.tgz"

base64-js@^1.3.1:
  version "1.5.1"
  resolved "https://registry.npmjs.org/base64-js/-/base64-js-1.5.1.tgz"

bl@^4.1.0:
  version "4.1.0"
  resolved "https://registry.npmjs.org/bl/-/bl-4.1.0.tgz"
  dependencies:
    buffer "^5.5.0"
    inherits "^2.0.4"
    readable-stream "^3.4.0"

brace-expansion@^1.1.7:
  version "1.1.11"
  resolved "https://registry.npmjs.org/brace-expansion/-/brace-expansion-1.1.11.tgz"
  dependencies:
    balanced-match "^1.0.0"
    concat-map "0.0.1"

braces@^3.0.2:
  version "3.0.2"
  resolved "https://registry.npmjs.org/braces/-/braces-3.0.2.tgz"
  dependencies:
    fill-range "^7.0.1"

buffer@^5.5.0:
  version "5.7.1"
  resolved "https://registry.npmjs.org/buffer/-/buffer-5.7.1.tgz"
  dependencies:
    base64-js "^1.3.1"
    ieee754 "^1.1.13"

callsites@^3.0.0:
  version "3.1.0"
  resolved "https://registry.npmjs.org/callsites/-/callsites-3.1.0.tgz"

chalk@^2.0.0, chalk@^2.1.0, chalk@^2.4.2:
  version "2.4.2"
  resolved "https://registry.npmjs.org/chalk/-/chalk-2.4.2.tgz"
  dependencies:
    ansi-styles "^3.2.1"
    escape-string-regexp "^1.0.5"
    supports-color "^5.3.0"

chalk@^4.0.0, chalk@^4.1.0:
  version "4.1.2"
  resolved "https://registry.npmjs.org/chalk/-/chalk-4.1.2.tgz"
  dependencies:
    ansi-styles "^4.1.0"
    supports-color "^7.1.0"

chardet@^0.7.0:
  version "0.7.0"
  resolved "https://registry.npmjs.org/chardet/-/chardet-0.7.0.tgz"

cli-cursor@^3.1.0:
  version "3.1.0"
  resolved "https://registry.npmjs.org/cli-cursor/-/cli-cursor-3.1.0.tgz"
  dependencies:
    restore-cursor "^3.1.0"

cli-spinners@^2.5.0:
  version "2.7.0"
  resolved "https://registry.npmjs.org/cli-spinners/-/cli-spinners-2.7.0.tgz"

cli-width@^3.0.0:
  version "3.0.0"
  resolved "https://registry.npmjs.org/cli-width/-/cli-width-3.0.0.tgz"

cliui@^7.0.2:
  version "7.0.4"
  resolved "https://registry.npmjs.org/cliui/-/cliui-7.0.4.tgz"
  dependencies:
    string-width "^4.2.0"
    strip-ansi "^6.0.0"
    wrap-ansi "^7.0.0"

clone@^1.0.2:
  version "1.0.4"
  resolved "https://registry.npmjs.org/clone/-/clone-1.0.4.tgz"

color-convert@^1.9.0:
  version "1.9.3"
  resolved "https://registry.npmjs.org/color-convert/-/color-convert-1.9.3.tgz"
  dependencies:
    color-name "1.1.3"

color-convert@^2.0.1:
  version "2.0.1"
  resolved "https://registry.npmjs.org/color-convert/-/color-convert-2.0.1.tgz"
  dependencies:
    color-name "~1.1.4"

color-name@1.1.3:
  version "1.1.3"
  resolved "https://registry.npmjs.org/color-name/-/color-name-1.1.3.tgz"

color-name@~1.1.4:
  version "1.1.4"
  resolved "https://registry.npmjs.org/color-name/-/color-name-1.1.4.tgz"

colors@^1.4.0:
  version "1.4.0"
  resolved "https://registry.npmjs.org/colors/-/colors-1.4.0.tgz"

commander@^6.2.1:
  version "6.2.1"
  resolved "https://registry.npmjs.org/commander/-/commander-6.2.1.tgz"

concat-map@0.0.1:
  version "0.0.1"
  resolved "https://registry.npmjs.org/concat-map/-/concat-map-0.0.1.tgz"

cross-spawn@^6.0.5:
  version "6.0.5"
  resolved "https://registry.npmjs.org/cross-spawn/-/cross-spawn-6.0.5.tgz"
  dependencies:
    nice-try "^1.0.4"
    path-key "^2.0.1"
    semver "^5.5.0"
    shebang-command "^1.2.0"
    which "^1.2.9"

debug@^2.6.8:
  version "2.6.9"
  resolved "https://registry.npmjs.org/debug/-/debug-2.6.9.tgz"
  dependencies:
    ms "2.0.0"

debug@^4.0.1, debug@^4.1.0:
  version "4.3.4"
  resolved "https://registry.npmjs.org/debug/-/debug-4.3.4.tgz"
  dependencies:
    ms "2.1.2"

deep-is@~0.1.3:
  version "0.1.4"
  resolved "https://registry.npmjs.org/deep-is/-/deep-is-0.1.4.tgz"

defaults@^1.0.3:
  version "1.0.4"
  resolved "https://registry.npmjs.org/defaults/-/defaults-1.0.4.tgz"
  dependencies:
    clone "^1.0.2"

dir-glob@^3.0.1:
  version "3.0.1"
  resolved "https://registry.npmjs.org/dir-glob/-/dir-glob-3.0.1.tgz"
  dependencies:
    path-type "^4.0.0"

doctrine@^3.0.0:
  version "3.0.0"
  resolved "https://registry.npmjs.org/doctrine/-/doctrine-3.0.0.tgz"
  dependencies:
    esutils "^2.0.2"

ember-rfc176-data@^0.3.11:
  version "0.3.17"
  resolved "https://registry.npmjs.org/ember-rfc176-data/-/ember-rfc176-data-0.3.17.tgz"

ember-template-lint-plugin-discourse@latest:
  version "3.0.0"
  resolved "https://registry.npmjs.org/ember-template-lint-plugin-discourse/-/ember-template-lint-plugin-discourse-3.0.0.tgz"

ember-template-lint@^2.11.0:
  version "2.21.0"
  resolved "https://registry.npmjs.org/ember-template-lint/-/ember-template-lint-2.21.0.tgz"
  dependencies:
    chalk "^4.0.0"
    ember-template-recast "^5.0.1"
    find-up "^5.0.0"
    fuse.js "^6.4.6"
    get-stdin "^8.0.0"
    globby "^11.0.2"
    is-glob "^4.0.1"
    micromatch "^4.0.2"
    resolve "^1.20.0"
    v8-compile-cache "^2.2.0"
    yargs "^16.2.0"

ember-template-recast@^5.0.1:
  version "5.0.3"
  resolved "https://registry.npmjs.org/ember-template-recast/-/ember-template-recast-5.0.3.tgz"
  dependencies:
    "@glimmer/reference" "^0.65.0"
    "@glimmer/syntax" "^0.65.0"
    "@glimmer/validator" "^0.65.0"
    async-promise-queue "^1.0.5"
    colors "^1.4.0"
    commander "^6.2.1"
    globby "^11.0.3"
    ora "^5.4.0"
    slash "^3.0.0"
    tmp "^0.2.1"
    workerpool "^6.1.4"

emoji-regex@^7.0.1:
  version "7.0.3"
  resolved "https://registry.npmjs.org/emoji-regex/-/emoji-regex-7.0.3.tgz"

emoji-regex@^8.0.0:
  version "8.0.0"
  resolved "https://registry.npmjs.org/emoji-regex/-/emoji-regex-8.0.0.tgz"

escalade@^3.1.1:
  version "3.1.1"
  resolved "https://registry.npmjs.org/escalade/-/escalade-3.1.1.tgz"

escape-string-regexp@^1.0.5:
  version "1.0.5"
  resolved "https://registry.npmjs.org/escape-string-regexp/-/escape-string-regexp-1.0.5.tgz"

eslint-config-discourse@^1.1.8:
  version "1.1.9"
  resolved "https://registry.npmjs.org/eslint-config-discourse/-/eslint-config-discourse-1.1.9.tgz"
  dependencies:
    babel-eslint "^10.1.0"
    ember-template-lint "^2.11.0"
    ember-template-lint-plugin-discourse latest
    eslint "^6.8.0"
    eslint-plugin-discourse-ember latest
    eslint-plugin-ember "^6.10.0"
    eslint-plugin-lodash "^7.1.0"
    eslint-plugin-node "^8.0.0"
    prettier "2.2.1"

eslint-plugin-discourse-ember@latest:
  version "0.0.3"
  resolved "https://registry.npmjs.org/eslint-plugin-discourse-ember/-/eslint-plugin-discourse-ember-0.0.3.tgz"
  dependencies:
    requireindex "~1.1.0"

eslint-plugin-ember@^6.10.0:
  version "6.10.1"
  resolved "https://registry.npmjs.org/eslint-plugin-ember/-/eslint-plugin-ember-6.10.1.tgz"
  dependencies:
    "@ember-data/rfc395-data" "^0.0.4"
    ember-rfc176-data "^0.3.11"
    snake-case "^2.1.0"

eslint-plugin-es@^1.3.1:
  version "1.4.1"
  resolved "https://registry.npmjs.org/eslint-plugin-es/-/eslint-plugin-es-1.4.1.tgz"
  dependencies:
    eslint-utils "^1.4.2"
    regexpp "^2.0.1"

eslint-plugin-lodash@^7.1.0:
  version "7.4.0"
  resolved "https://registry.npmjs.org/eslint-plugin-lodash/-/eslint-plugin-lodash-7.4.0.tgz"
  dependencies:
    lodash "^4.17.21"

eslint-plugin-node@^8.0.0:
  version "8.0.1"
  resolved "https://registry.npmjs.org/eslint-plugin-node/-/eslint-plugin-node-8.0.1.tgz"
  dependencies:
    eslint-plugin-es "^1.3.1"
    eslint-utils "^1.3.1"
    ignore "^5.0.2"
    minimatch "^3.0.4"
    resolve "^1.8.1"
    semver "^5.5.0"

eslint-scope@^5.0.0:
  version "5.1.1"
  resolved "https://registry.npmjs.org/eslint-scope/-/eslint-scope-5.1.1.tgz"
  dependencies:
    esrecurse "^4.3.0"
    estraverse "^4.1.1"

eslint-utils@^1.3.1, eslint-utils@^1.4.2, eslint-utils@^1.4.3:
  version "1.4.3"
  resolved "https://registry.npmjs.org/eslint-utils/-/eslint-utils-1.4.3.tgz"
  dependencies:
    eslint-visitor-keys "^1.1.0"

eslint-visitor-keys@^1.0.0, eslint-visitor-keys@^1.1.0:
  version "1.3.0"
  resolved "https://registry.npmjs.org/eslint-visitor-keys/-/eslint-visitor-keys-1.3.0.tgz"

eslint@^6.8.0:
  version "6.8.0"
  resolved "https://registry.npmjs.org/eslint/-/eslint-6.8.0.tgz"
  dependencies:
    "@babel/code-frame" "^7.0.0"
    ajv "^6.10.0"
    chalk "^2.1.0"
    cross-spawn "^6.0.5"
    debug "^4.0.1"
    doctrine "^3.0.0"
    eslint-scope "^5.0.0"
    eslint-utils "^1.4.3"
    eslint-visitor-keys "^1.1.0"
    espree "^6.1.2"
    esquery "^1.0.1"
    esutils "^2.0.2"
    file-entry-cache "^5.0.1"
    functional-red-black-tree "^1.0.1"
    glob-parent "^5.0.0"
    globals "^12.1.0"
    ignore "^4.0.6"
    import-fresh "^3.0.0"
    imurmurhash "^0.1.4"
    inquirer "^7.0.0"
    is-glob "^4.0.0"
    js-yaml "^3.13.1"
    json-stable-stringify-without-jsonify "^1.0.1"
    levn "^0.3.0"
    lodash "^4.17.14"
    minimatch "^3.0.4"
    mkdirp "^0.5.1"
    natural-compare "^1.4.0"
    optionator "^0.8.3"
    progress "^2.0.0"
    regexpp "^2.0.1"
    semver "^6.1.2"
    strip-ansi "^5.2.0"
    strip-json-comments "^3.0.1"
    table "^5.2.3"
    text-table "^0.2.0"
    v8-compile-cache "^2.0.3"

espree@^6.1.2:
  version "6.2.1"
  resolved "https://registry.npmjs.org/espree/-/espree-6.2.1.tgz"
  dependencies:
    acorn "^7.1.1"
    acorn-jsx "^5.2.0"
    eslint-visitor-keys "^1.1.0"

esprima@^4.0.0:
  version "4.0.1"
  resolved "https://registry.npmjs.org/esprima/-/esprima-4.0.1.tgz"

esquery@^1.0.1:
  version "1.4.0"
  resolved "https://registry.npmjs.org/esquery/-/esquery-1.4.0.tgz"
  dependencies:
    estraverse "^5.1.0"

esrecurse@^4.3.0:
  version "4.3.0"
  resolved "https://registry.npmjs.org/esrecurse/-/esrecurse-4.3.0.tgz"
  dependencies:
    estraverse "^5.2.0"

estraverse@^4.1.1:
  version "4.3.0"
  resolved "https://registry.npmjs.org/estraverse/-/estraverse-4.3.0.tgz"

estraverse@^5.1.0, estraverse@^5.2.0:
  version "5.3.0"
  resolved "https://registry.npmjs.org/estraverse/-/estraverse-5.3.0.tgz"

esutils@^2.0.2:
  version "2.0.3"
  resolved "https://registry.npmjs.org/esutils/-/esutils-2.0.3.tgz"

external-editor@^3.0.3:
  version "3.1.0"
  resolved "https://registry.npmjs.org/external-editor/-/external-editor-3.1.0.tgz"
  dependencies:
    chardet "^0.7.0"
    iconv-lite "^0.4.24"
    tmp "^0.0.33"

fast-deep-equal@^3.1.1:
  version "3.1.3"
  resolved "https://registry.npmjs.org/fast-deep-equal/-/fast-deep-equal-3.1.3.tgz"

fast-glob@^3.2.9:
  version "3.2.12"
  resolved "https://registry.npmjs.org/fast-glob/-/fast-glob-3.2.12.tgz"
  dependencies:
    "@nodelib/fs.stat" "^2.0.2"
    "@nodelib/fs.walk" "^1.2.3"
    glob-parent "^5.1.2"
    merge2 "^1.3.0"
    micromatch "^4.0.4"

fast-json-stable-stringify@^2.0.0:
  version "2.1.0"
  resolved "https://registry.npmjs.org/fast-json-stable-stringify/-/fast-json-stable-stringify-2.1.0.tgz"

fast-levenshtein@~2.0.6:
  version "2.0.6"
  resolved "https://registry.npmjs.org/fast-levenshtein/-/fast-levenshtein-2.0.6.tgz"

fastq@^1.6.0:
  version "1.13.0"
  resolved "https://registry.npmjs.org/fastq/-/fastq-1.13.0.tgz"
  dependencies:
    reusify "^1.0.4"

figures@^3.0.0:
  version "3.2.0"
  resolved "https://registry.npmjs.org/figures/-/figures-3.2.0.tgz"
  dependencies:
    escape-string-regexp "^1.0.5"

file-entry-cache@^5.0.1:
  version "5.0.1"
  resolved "https://registry.npmjs.org/file-entry-cache/-/file-entry-cache-5.0.1.tgz"
  dependencies:
    flat-cache "^2.0.1"

fill-range@^7.0.1:
  version "7.0.1"
  resolved "https://registry.npmjs.org/fill-range/-/fill-range-7.0.1.tgz"
  dependencies:
    to-regex-range "^5.0.1"

find-up@^5.0.0:
  version "5.0.0"
  resolved "https://registry.npmjs.org/find-up/-/find-up-5.0.0.tgz"
  dependencies:
    locate-path "^6.0.0"
    path-exists "^4.0.0"

flat-cache@^2.0.1:
  version "2.0.1"
  resolved "https://registry.npmjs.org/flat-cache/-/flat-cache-2.0.1.tgz"
  dependencies:
    flatted "^2.0.0"
    rimraf "2.6.3"
    write "1.0.3"

flatted@^2.0.0:
  version "2.0.2"
  resolved "https://registry.npmjs.org/flatted/-/flatted-2.0.2.tgz"

fs.realpath@^1.0.0:
  version "1.0.0"
  resolved "https://registry.npmjs.org/fs.realpath/-/fs.realpath-1.0.0.tgz"

function-bind@^1.1.1:
  version "1.1.1"
  resolved "https://registry.npmjs.org/function-bind/-/function-bind-1.1.1.tgz"

functional-red-black-tree@^1.0.1:
  version "1.0.1"
  resolved "https://registry.npmjs.org/functional-red-black-tree/-/functional-red-black-tree-1.0.1.tgz"

fuse.js@^6.4.6:
  version "6.6.2"
  resolved "https://registry.npmjs.org/fuse.js/-/fuse.js-6.6.2.tgz"

get-caller-file@^2.0.5:
  version "2.0.5"
  resolved "https://registry.npmjs.org/get-caller-file/-/get-caller-file-2.0.5.tgz"

get-stdin@^8.0.0:
  version "8.0.0"
  resolved "https://registry.npmjs.org/get-stdin/-/get-stdin-8.0.0.tgz"

glob-parent@^5.0.0, glob-parent@^5.1.2:
  version "5.1.2"
  resolved "https://registry.npmjs.org/glob-parent/-/glob-parent-5.1.2.tgz"
  dependencies:
    is-glob "^4.0.1"

glob@^7.1.3:
  version "7.2.3"
  resolved "https://registry.npmjs.org/glob/-/glob-7.2.3.tgz"
  dependencies:
    fs.realpath "^1.0.0"
    inflight "^1.0.4"
    inherits "2"
    minimatch "^3.1.1"
    once "^1.3.0"
    path-is-absolute "^1.0.0"

globals@^11.1.0:
  version "11.12.0"
  resolved "https://registry.npmjs.org/globals/-/globals-11.12.0.tgz"

globals@^12.1.0:
  version "12.4.0"
  resolved "https://registry.npmjs.org/globals/-/globals-12.4.0.tgz"
  dependencies:
    type-fest "^0.8.1"

globby@^11.0.2, globby@^11.0.3:
  version "11.1.0"
  resolved "https://registry.npmjs.org/globby/-/globby-11.1.0.tgz"
  dependencies:
    array-union "^2.1.0"
    dir-glob "^3.0.1"
    fast-glob "^3.2.9"
    ignore "^5.2.0"
    merge2 "^1.4.1"
    slash "^3.0.0"

has-flag@^3.0.0:
  version "3.0.0"
  resolved "https://registry.npmjs.org/has-flag/-/has-flag-3.0.0.tgz"

has-flag@^4.0.0:
  version "4.0.0"
  resolved "https://registry.npmjs.org/has-flag/-/has-flag-4.0.0.tgz"

has@^1.0.3:
  version "1.0.3"
  resolved "https://registry.npmjs.org/has/-/has-1.0.3.tgz"
  dependencies:
    function-bind "^1.1.1"

iconv-lite@^0.4.24:
  version "0.4.24"
  resolved "https://registry.npmjs.org/iconv-lite/-/iconv-lite-0.4.24.tgz"
  dependencies:
    safer-buffer ">= 2.1.2 < 3"

ieee754@^1.1.13:
  version "1.2.1"
  resolved "https://registry.npmjs.org/ieee754/-/ieee754-1.2.1.tgz"

ignore@^4.0.6:
  version "4.0.6"
  resolved "https://registry.npmjs.org/ignore/-/ignore-4.0.6.tgz"

ignore@^5.0.2, ignore@^5.2.0:
  version "5.2.0"
  resolved "https://registry.npmjs.org/ignore/-/ignore-5.2.0.tgz"

import-fresh@^3.0.0:
  version "3.3.0"
  resolved "https://registry.npmjs.org/import-fresh/-/import-fresh-3.3.0.tgz"
  dependencies:
    parent-module "^1.0.0"
    resolve-from "^4.0.0"

imurmurhash@^0.1.4:
  version "0.1.4"
  resolved "https://registry.npmjs.org/imurmurhash/-/imurmurhash-0.1.4.tgz"

inflight@^1.0.4:
  version "1.0.6"
  resolved "https://registry.npmjs.org/inflight/-/inflight-1.0.6.tgz"
  dependencies:
    once "^1.3.0"
    wrappy "1"

inherits@2, inherits@^2.0.3, inherits@^2.0.4:
  version "2.0.4"
  resolved "https://registry.npmjs.org/inherits/-/inherits-2.0.4.tgz"

inquirer@^7.0.0:
  version "7.3.3"
  resolved "https://registry.npmjs.org/inquirer/-/inquirer-7.3.3.tgz"
  dependencies:
    ansi-escapes "^4.2.1"
    chalk "^4.1.0"
    cli-cursor "^3.1.0"
    cli-width "^3.0.0"
    external-editor "^3.0.3"
    figures "^3.0.0"
    lodash "^4.17.19"
    mute-stream "0.0.8"
    run-async "^2.4.0"
    rxjs "^6.6.0"
    string-width "^4.1.0"
    strip-ansi "^6.0.0"
    through "^2.3.6"

is-core-module@^2.9.0:
  version "2.11.0"
  resolved "https://registry.npmjs.org/is-core-module/-/is-core-module-2.11.0.tgz"
  dependencies:
    has "^1.0.3"

is-extglob@^2.1.1:
  version "2.1.1"
  resolved "https://registry.npmjs.org/is-extglob/-/is-extglob-2.1.1.tgz"

is-fullwidth-code-point@^2.0.0:
  version "2.0.0"
  resolved "https://registry.npmjs.org/is-fullwidth-code-point/-/is-fullwidth-code-point-2.0.0.tgz"

is-fullwidth-code-point@^3.0.0:
  version "3.0.0"
  resolved "https://registry.npmjs.org/is-fullwidth-code-point/-/is-fullwidth-code-point-3.0.0.tgz"

is-glob@^4.0.0, is-glob@^4.0.1:
  version "4.0.3"
  resolved "https://registry.npmjs.org/is-glob/-/is-glob-4.0.3.tgz"
  dependencies:
    is-extglob "^2.1.1"

is-interactive@^1.0.0:
  version "1.0.0"
  resolved "https://registry.npmjs.org/is-interactive/-/is-interactive-1.0.0.tgz"

is-number@^7.0.0:
  version "7.0.0"
  resolved "https://registry.npmjs.org/is-number/-/is-number-7.0.0.tgz"

is-unicode-supported@^0.1.0:
  version "0.1.0"
  resolved "https://registry.npmjs.org/is-unicode-supported/-/is-unicode-supported-0.1.0.tgz"

isexe@^2.0.0:
  version "2.0.0"
  resolved "https://registry.npmjs.org/isexe/-/isexe-2.0.0.tgz"

js-tokens@^4.0.0:
  version "4.0.0"
  resolved "https://registry.npmjs.org/js-tokens/-/js-tokens-4.0.0.tgz"

js-yaml@^3.13.1:
  version "3.14.1"
  resolved "https://registry.npmjs.org/js-yaml/-/js-yaml-3.14.1.tgz"
  dependencies:
    argparse "^1.0.7"
    esprima "^4.0.0"

jsesc@^2.5.1:
  version "2.5.2"
  resolved "https://registry.npmjs.org/jsesc/-/jsesc-2.5.2.tgz"

json-schema-traverse@^0.4.1:
  version "0.4.1"
  resolved "https://registry.npmjs.org/json-schema-traverse/-/json-schema-traverse-0.4.1.tgz"

json-stable-stringify-without-jsonify@^1.0.1:
  version "1.0.1"
  resolved "https://registry.npmjs.org/json-stable-stringify-without-jsonify/-/json-stable-stringify-without-jsonify-1.0.1.tgz"

levn@^0.3.0, levn@~0.3.0:
  version "0.3.0"
  resolved "https://registry.npmjs.org/levn/-/levn-0.3.0.tgz"
  dependencies:
    prelude-ls "~1.1.2"
    type-check "~0.3.2"

locate-path@^6.0.0:
  version "6.0.0"
  resolved "https://registry.npmjs.org/locate-path/-/locate-path-6.0.0.tgz"
  dependencies:
    p-locate "^5.0.0"

lodash@^4.17.14, lodash@^4.17.19, lodash@^4.17.21:
  version "4.17.21"
  resolved "https://registry.npmjs.org/lodash/-/lodash-4.17.21.tgz"

log-symbols@^4.1.0:
  version "4.1.0"
  resolved "https://registry.npmjs.org/log-symbols/-/log-symbols-4.1.0.tgz"
  dependencies:
    chalk "^4.1.0"
    is-unicode-supported "^0.1.0"

lower-case@^1.1.1:
  version "1.1.4"
  resolved "https://registry.npmjs.org/lower-case/-/lower-case-1.1.4.tgz"

lru-cache@^6.0.0:
  version "6.0.0"
  resolved "https://registry.npmjs.org/lru-cache/-/lru-cache-6.0.0.tgz"
  dependencies:
    yallist "^4.0.0"

merge2@^1.3.0, merge2@^1.4.1:
  version "1.4.1"
  resolved "https://registry.npmjs.org/merge2/-/merge2-1.4.1.tgz"

micromatch@^4.0.2, micromatch@^4.0.4:
  version "4.0.5"
  resolved "https://registry.npmjs.org/micromatch/-/micromatch-4.0.5.tgz"
  dependencies:
    braces "^3.0.2"
    picomatch "^2.3.1"

mimic-fn@^2.1.0:
  version "2.1.0"
  resolved "https://registry.npmjs.org/mimic-fn/-/mimic-fn-2.1.0.tgz"

minimatch@^3.0.4, minimatch@^3.1.1:
  version "3.1.2"
  resolved "https://registry.npmjs.org/minimatch/-/minimatch-3.1.2.tgz"
  dependencies:
    brace-expansion "^1.1.7"

minimist@^1.2.6:
  version "1.2.7"
  resolved "https://registry.npmjs.org/minimist/-/minimist-1.2.7.tgz"

mkdirp@^0.5.1:
  version "0.5.6"
  resolved "https://registry.npmjs.org/mkdirp/-/mkdirp-0.5.6.tgz"
  dependencies:
    minimist "^1.2.6"

ms@2.0.0:
  version "2.0.0"
  resolved "https://registry.npmjs.org/ms/-/ms-2.0.0.tgz"

ms@2.1.2:
  version "2.1.2"
  resolved "https://registry.npmjs.org/ms/-/ms-2.1.2.tgz"

mute-stream@0.0.8:
  version "0.0.8"
  resolved "https://registry.npmjs.org/mute-stream/-/mute-stream-0.0.8.tgz"

natural-compare@^1.4.0:
  version "1.4.0"
  resolved "https://registry.npmjs.org/natural-compare/-/natural-compare-1.4.0.tgz"

nice-try@^1.0.4:
  version "1.0.5"
  resolved "https://registry.npmjs.org/nice-try/-/nice-try-1.0.5.tgz"

no-case@^2.2.0:
  version "2.3.2"
  resolved "https://registry.npmjs.org/no-case/-/no-case-2.3.2.tgz"
  dependencies:
    lower-case "^1.1.1"

once@^1.3.0:
  version "1.4.0"
  resolved "https://registry.npmjs.org/once/-/once-1.4.0.tgz"
  dependencies:
    wrappy "1"

onetime@^5.1.0:
  version "5.1.2"
  resolved "https://registry.npmjs.org/onetime/-/onetime-5.1.2.tgz"
  dependencies:
    mimic-fn "^2.1.0"

optionator@^0.8.3:
  version "0.8.3"
  resolved "https://registry.npmjs.org/optionator/-/optionator-0.8.3.tgz"
  dependencies:
    deep-is "~0.1.3"
    fast-levenshtein "~2.0.6"
    levn "~0.3.0"
    prelude-ls "~1.1.2"
    type-check "~0.3.2"
    word-wrap "~1.2.3"

ora@^5.4.0:
  version "5.4.1"
  resolved "https://registry.npmjs.org/ora/-/ora-5.4.1.tgz"
  dependencies:
    bl "^4.1.0"
    chalk "^4.1.0"
    cli-cursor "^3.1.0"
    cli-spinners "^2.5.0"
    is-interactive "^1.0.0"
    is-unicode-supported "^0.1.0"
    log-symbols "^4.1.0"
    strip-ansi "^6.0.0"
    wcwidth "^1.0.1"

os-tmpdir@~1.0.2:
  version "1.0.2"
  resolved "https://registry.npmjs.org/os-tmpdir/-/os-tmpdir-1.0.2.tgz"

p-limit@^3.0.2:
  version "3.1.0"
  resolved "https://registry.npmjs.org/p-limit/-/p-limit-3.1.0.tgz"
  dependencies:
    yocto-queue "^0.1.0"

p-locate@^5.0.0:
  version "5.0.0"
  resolved "https://registry.npmjs.org/p-locate/-/p-locate-5.0.0.tgz"
  dependencies:
    p-limit "^3.0.2"

parent-module@^1.0.0:
  version "1.0.1"
  resolved "https://registry.npmjs.org/parent-module/-/parent-module-1.0.1.tgz"
  dependencies:
    callsites "^3.0.0"

path-exists@^4.0.0:
  version "4.0.0"
  resolved "https://registry.npmjs.org/path-exists/-/path-exists-4.0.0.tgz"

path-is-absolute@^1.0.0:
  version "1.0.1"
  resolved "https://registry.npmjs.org/path-is-absolute/-/path-is-absolute-1.0.1.tgz"

path-key@^2.0.1:
  version "2.0.1"
  resolved "https://registry.npmjs.org/path-key/-/path-key-2.0.1.tgz"

path-parse@^1.0.7:
  version "1.0.7"
  resolved "https://registry.npmjs.org/path-parse/-/path-parse-1.0.7.tgz"

path-type@^4.0.0:
  version "4.0.0"
  resolved "https://registry.npmjs.org/path-type/-/path-type-4.0.0.tgz"

picomatch@^2.3.1:
  version "2.3.1"
  resolved "https://registry.npmjs.org/picomatch/-/picomatch-2.3.1.tgz"

prelude-ls@~1.1.2:
  version "1.1.2"
  resolved "https://registry.npmjs.org/prelude-ls/-/prelude-ls-1.1.2.tgz"

prettier@2.2.1:
  version "2.2.1"
  resolved "https://registry.npmjs.org/prettier/-/prettier-2.2.1.tgz"

progress@^2.0.0:
  version "2.0.3"
  resolved "https://registry.npmjs.org/progress/-/progress-2.0.3.tgz"

punycode@^2.1.0:
  version "2.1.1"
  resolved "https://registry.npmjs.org/punycode/-/punycode-2.1.1.tgz"

queue-microtask@^1.2.2:
  version "1.2.3"
  resolved "https://registry.npmjs.org/queue-microtask/-/queue-microtask-1.2.3.tgz"

readable-stream@^3.4.0:
  version "3.6.0"
  resolved "https://registry.npmjs.org/readable-stream/-/readable-stream-3.6.0.tgz"
  dependencies:
    inherits "^2.0.3"
    string_decoder "^1.1.1"
    util-deprecate "^1.0.1"

regexpp@^2.0.1:
  version "2.0.1"
  resolved "https://registry.npmjs.org/regexpp/-/regexpp-2.0.1.tgz"

require-directory@^2.1.1:
  version "2.1.1"
  resolved "https://registry.npmjs.org/require-directory/-/require-directory-2.1.1.tgz"

requireindex@~1.1.0:
  version "1.1.0"
  resolved "https://registry.npmjs.org/requireindex/-/requireindex-1.1.0.tgz"

resolve-from@^4.0.0:
  version "4.0.0"
  resolved "https://registry.npmjs.org/resolve-from/-/resolve-from-4.0.0.tgz"

resolve@^1.12.0, resolve@^1.20.0, resolve@^1.8.1:
  version "1.22.1"
  resolved "https://registry.npmjs.org/resolve/-/resolve-1.22.1.tgz"
  dependencies:
    is-core-module "^2.9.0"
    path-parse "^1.0.7"
    supports-preserve-symlinks-flag "^1.0.0"

restore-cursor@^3.1.0:
  version "3.1.0"
  resolved "https://registry.npmjs.org/restore-cursor/-/restore-cursor-3.1.0.tgz"
  dependencies:
    onetime "^5.1.0"
    signal-exit "^3.0.2"

reusify@^1.0.4:
  version "1.0.4"
  resolved "https://registry.npmjs.org/reusify/-/reusify-1.0.4.tgz"

rimraf@2.6.3:
  version "2.6.3"
  resolved "https://registry.npmjs.org/rimraf/-/rimraf-2.6.3.tgz"
  dependencies:
    glob "^7.1.3"

rimraf@^3.0.0:
  version "3.0.2"
  resolved "https://registry.npmjs.org/rimraf/-/rimraf-3.0.2.tgz"
  dependencies:
    glob "^7.1.3"

run-async@^2.4.0:
  version "2.4.1"
  resolved "https://registry.npmjs.org/run-async/-/run-async-2.4.1.tgz"

run-parallel@^1.1.9:
  version "1.2.0"
  resolved "https://registry.npmjs.org/run-parallel/-/run-parallel-1.2.0.tgz"
  dependencies:
    queue-microtask "^1.2.2"

rxjs@^6.6.0:
  version "6.6.7"
  resolved "https://registry.npmjs.org/rxjs/-/rxjs-6.6.7.tgz"
  dependencies:
    tslib "^1.9.0"

safe-buffer@~5.2.0:
  version "5.2.1"
  resolved "https://registry.npmjs.org/safe-buffer/-/safe-buffer-5.2.1.tgz"

"safer-buffer@>= 2.1.2 < 3":
  version "2.1.2"
  resolved "https://registry.npmjs.org/safer-buffer/-/safer-buffer-2.1.2.tgz"

semver@^5.5.0:
  version "5.7.1"
  resolved "https://registry.npmjs.org/semver/-/semver-5.7.1.tgz"

semver@^6.1.2:
  version "6.3.0"
  resolved "https://registry.npmjs.org/semver/-/semver-6.3.0.tgz"

semver@^7.3.5:
  version "7.3.8"
  resolved "https://registry.npmjs.org/semver/-/semver-7.3.8.tgz"
  dependencies:
    lru-cache "^6.0.0"

shebang-command@^1.2.0:
  version "1.2.0"
  resolved "https://registry.npmjs.org/shebang-command/-/shebang-command-1.2.0.tgz"
  dependencies:
    shebang-regex "^1.0.0"

shebang-regex@^1.0.0:
  version "1.0.0"
  resolved "https://registry.npmjs.org/shebang-regex/-/shebang-regex-1.0.0.tgz"

signal-exit@^3.0.2:
  version "3.0.7"
  resolved "https://registry.npmjs.org/signal-exit/-/signal-exit-3.0.7.tgz"

simple-html-tokenizer@^0.5.10:
  version "0.5.11"
  resolved "https://registry.npmjs.org/simple-html-tokenizer/-/simple-html-tokenizer-0.5.11.tgz"

slash@^3.0.0:
  version "3.0.0"
  resolved "https://registry.npmjs.org/slash/-/slash-3.0.0.tgz"

slice-ansi@^2.1.0:
  version "2.1.0"
  resolved "https://registry.npmjs.org/slice-ansi/-/slice-ansi-2.1.0.tgz"
  dependencies:
    ansi-styles "^3.2.0"
    astral-regex "^1.0.0"
    is-fullwidth-code-point "^2.0.0"

snake-case@^2.1.0:
  version "2.1.0"
  resolved "https://registry.npmjs.org/snake-case/-/snake-case-2.1.0.tgz"
  dependencies:
    no-case "^2.2.0"

sprintf-js@~1.0.2:
  version "1.0.3"
  resolved "https://registry.npmjs.org/sprintf-js/-/sprintf-js-1.0.3.tgz"

string-width@^3.0.0:
  version "3.1.0"
  resolved "https://registry.npmjs.org/string-width/-/string-width-3.1.0.tgz"
  dependencies:
    emoji-regex "^7.0.1"
    is-fullwidth-code-point "^2.0.0"
    strip-ansi "^5.1.0"

string-width@^4.1.0, string-width@^4.2.0:
  version "4.2.3"
  resolved "https://registry.npmjs.org/string-width/-/string-width-4.2.3.tgz"
  dependencies:
    emoji-regex "^8.0.0"
    is-fullwidth-code-point "^3.0.0"
    strip-ansi "^6.0.1"

string_decoder@^1.1.1:
  version "1.3.0"
  resolved "https://registry.npmjs.org/string_decoder/-/string_decoder-1.3.0.tgz"
  dependencies:
    safe-buffer "~5.2.0"

strip-ansi@^5.1.0, strip-ansi@^5.2.0:
  version "5.2.0"
  resolved "https://registry.npmjs.org/strip-ansi/-/strip-ansi-5.2.0.tgz"
  dependencies:
    ansi-regex "^4.1.0"

strip-ansi@^6.0.0, strip-ansi@^6.0.1:
  version "6.0.1"
  resolved "https://registry.npmjs.org/strip-ansi/-/strip-ansi-6.0.1.tgz"
  dependencies:
    ansi-regex "^5.0.1"

strip-json-comments@^3.0.1:
  version "3.1.1"
  resolved "https://registry.npmjs.org/strip-json-comments/-/strip-json-comments-3.1.1.tgz"

supports-color@^5.3.0:
  version "5.5.0"
  resolved "https://registry.npmjs.org/supports-color/-/supports-color-5.5.0.tgz"
  dependencies:
    has-flag "^3.0.0"

supports-color@^7.1.0:
  version "7.2.0"
  resolved "https://registry.npmjs.org/supports-color/-/supports-color-7.2.0.tgz"
  dependencies:
    has-flag "^4.0.0"

supports-preserve-symlinks-flag@^1.0.0:
  version "1.0.0"
  resolved "https://registry.npmjs.org/supports-preserve-symlinks-flag/-/supports-preserve-symlinks-flag-1.0.0.tgz"

table@^5.2.3:
  version "5.4.6"
  resolved "https://registry.npmjs.org/table/-/table-5.4.6.tgz"
  dependencies:
    ajv "^6.10.2"
    lodash "^4.17.14"
    slice-ansi "^2.1.0"
    string-width "^3.0.0"

text-table@^0.2.0:
  version "0.2.0"
  resolved "https://registry.npmjs.org/text-table/-/text-table-0.2.0.tgz"

through@^2.3.6:
  version "2.3.8"
  resolved "https://registry.npmjs.org/through/-/through-2.3.8.tgz"

tmp@^0.0.33:
  version "0.0.33"
  resolved "https://registry.npmjs.org/tmp/-/tmp-0.0.33.tgz"
  dependencies:
    os-tmpdir "~1.0.2"

tmp@^0.2.1:
  version "0.2.1"
  resolved "https://registry.npmjs.org/tmp/-/tmp-0.2.1.tgz"
  dependencies:
    rimraf "^3.0.0"

to-fast-properties@^2.0.0:
  version "2.0.0"
  resolved "https://registry.npmjs.org/to-fast-properties/-/to-fast-properties-2.0.0.tgz"

to-regex-range@^5.0.1:
  version "5.0.1"
  resolved "https://registry.npmjs.org/to-regex-range/-/to-regex-range-5.0.1.tgz"
  dependencies:
    is-number "^7.0.0"

tslib@^1.9.0:
  version "1.14.1"
  resolved "https://registry.npmjs.org/tslib/-/tslib-1.14.1.tgz"

type-check@~0.3.2:
  version "0.3.2"
  resolved "https://registry.npmjs.org/type-check/-/type-check-0.3.2.tgz"
  dependencies:
    prelude-ls "~1.1.2"

type-fest@^0.21.3:
  version "0.21.3"
  resolved "https://registry.npmjs.org/type-fest/-/type-fest-0.21.3.tgz"

type-fest@^0.8.1:
  version "0.8.1"
  resolved "https://registry.npmjs.org/type-fest/-/type-fest-0.8.1.tgz"

uri-js@^4.2.2:
  version "4.4.1"
  resolved "https://registry.npmjs.org/uri-js/-/uri-js-4.4.1.tgz"
  dependencies:
    punycode "^2.1.0"

util-deprecate@^1.0.1:
  version "1.0.2"
  resolved "https://registry.npmjs.org/util-deprecate/-/util-deprecate-1.0.2.tgz"

v8-compile-cache@^2.0.3, v8-compile-cache@^2.2.0:
  version "2.3.0"
  resolved "https://registry.npmjs.org/v8-compile-cache/-/v8-compile-cache-2.3.0.tgz"

wcwidth@^1.0.1:
  version "1.0.1"
  resolved "https://registry.npmjs.org/wcwidth/-/wcwidth-1.0.1.tgz"
  dependencies:
    defaults "^1.0.3"

which@^1.2.9:
  version "1.3.1"
  resolved "https://registry.npmjs.org/which/-/which-1.3.1.tgz"
  dependencies:
    isexe "^2.0.0"

word-wrap@~1.2.3:
  version "1.2.3"
  resolved "https://registry.npmjs.org/word-wrap/-/word-wrap-1.2.3.tgz"

workerpool@^6.1.4:
  version "6.3.1"
  resolved "https://registry.npmjs.org/workerpool/-/workerpool-6.3.1.tgz"

wrap-ansi@^7.0.0:
  version "7.0.0"
  resolved "https://registry.npmjs.org/wrap-ansi/-/wrap-ansi-7.0.0.tgz"
  dependencies:
    ansi-styles "^4.0.0"
    string-width "^4.1.0"
    strip-ansi "^6.0.0"

wrappy@1:
  version "1.0.2"
  resolved "https://registry.npmjs.org/wrappy/-/wrappy-1.0.2.tgz"

write@1.0.3:
  version "1.0.3"
  resolved "https://registry.npmjs.org/write/-/write-1.0.3.tgz"
  dependencies:
    mkdirp "^0.5.1"

y18n@^5.0.5:
  version "5.0.8"
  resolved "https://registry.npmjs.org/y18n/-/y18n-5.0.8.tgz"

yallist@^4.0.0:
  version "4.0.0"
  resolved "https://registry.npmjs.org/yallist/-/yallist-4.0.0.tgz"

yargs-parser@^20.2.2:
  version "20.2.9"
  resolved "https://registry.npmjs.org/yargs-parser/-/yargs-parser-20.2.9.tgz"

yargs@^16.2.0:
  version "16.2.0"
  resolved "https://registry.npmjs.org/yargs/-/yargs-16.2.0.tgz"
  dependencies:
    cliui "^7.0.2"
    escalade "^3.1.1"
    get-caller-file "^2.0.5"
    require-directory "^2.1.1"
    string-width "^4.2.0"
    y18n "^5.0.5"
    yargs-parser "^20.2.2"

yocto-queue@^0.1.0:
  version "0.1.0"
  resolved "https://registry.npmjs.org/yocto-queue/-/yocto-queue-0.1.0.tgz"
